
Microsoft Visual Studio Solution File, Format Version 12.00
# Visual Studio Version 17
VisualStudioVersion = 17.5.33516.290
MinimumVisualStudioVersion = 10.0.40219.1
Project("{FAE04EC0-301F-11D3-BF4B-00C04F79EFBC}") = "ListArrayImplementation", "ListArrayImplementation\ListArrayImplementation.csproj", "{A8522455-C494-49C6-808E-9D4904A7974F}"
EndProject
Global
	GlobalSection(SolutionConfigurationPlatforms) = preSolution
		Debug|Any CPU = Debug|Any CPU
		Release|Any CPU = Release|Any CPU
	EndGlobalSection
	GlobalSection(ProjectConfigurationPlatforms) = postSolution
		{A8522455-C494-49C6-808E-9D4904A7974F}.Debug|Any CPU.ActiveCfg = Debug|Any CPU
		{A8522455-C494-49C6-808E-9D4904A7974F}.Debug|Any CPU.Build.0 = Debug|Any CPU
		{A8522455-C494-49C6-808E-9D4904A7974F}.Release|Any CPU.ActiveCfg = Release|Any CPU
		{A8522455-C494-49C6-808E-9D4904A7974F}.Release|Any CPU.Build.0 = Release|Any CPU
	EndGlobalSection
	GlobalSection(SolutionProperties) = preSolution
		HideSolutionNode = FALSE
	EndGlobalSection
	GlobalSection(ExtensibilityGlobals) = postSolution
		SolutionGuid = {A3E53B28-2349-40A8-A1DC-DE916D2EA2F4}
	EndGlobalSection
EndGlobal
